{
  "requires": true,
  "lockfileVersion": 1,
  "dependencies": {
    "argparse": {
      "version": "1.0.10",
      "resolved": "https://registry.npmjs.org/argparse/-/argparse-1.0.10.tgz",
      "integrity": "sha1-vNZ5HqWuCXJeF+WtmIE0zUCz2RE=",
      "requires": {
        "sprintf-js": "~1.0.2"
      }
    },
    "arguments-extended": {
      "version": "0.0.3",
      "resolved": "https://registry.npmjs.org/arguments-extended/-/arguments-extended-0.0.3.tgz",
      "integrity": "sha1-YQfkkX0OtvCk3WYyD8Fa/HLvSUY=",
      "requires": {
        "extended": "~0.0.3",
        "is-extended": "~0.0.8"
      }
    },
    "array-extended": {
      "version": "0.0.11",
      "resolved": "https://registry.npmjs.org/array-extended/-/array-extended-0.0.11.tgz",
      "integrity": "sha1-1xRK50jek8pybxIQCdv/FibRZL0=",
      "requires": {
        "arguments-extended": "~0.0.3",
        "extended": "~0.0.3",
        "is-extended": "~0.0.3"
      }
    },
    "bootstrap": {
      "version": "4.1.1",
      "resolved": "https://registry.npmjs.org/bootstrap/-/bootstrap-4.1.1.tgz",
      "integrity": "sha1-OuyFAA+mGQhdqNLkmD39Z88hFMs="
    },
    "bootswatch": {
      "version": "4.1.1",
      "resolved": "https://registry.npmjs.org/bootswatch/-/bootswatch-4.1.1.tgz",
      "integrity": "sha1-604FPEadTcjNr/Ef9N2+9j6GpW0=",
      "requires": {
        "bootstrap": "^4.1.1"
      }
    },
    "date-extended": {
      "version": "0.0.6",
      "resolved": "https://registry.npmjs.org/date-extended/-/date-extended-0.0.6.tgz",
      "integrity": "sha1-I4AtV90b94GIE/4MMuhRqG2iZ8k=",
      "requires": {
        "array-extended": "~0.0.3",
        "extended": "~0.0.3",
        "is-extended": "~0.0.3"
      }
    },
    "declare.js": {
      "version": "0.0.8",
      "resolved": "https://registry.npmjs.org/declare.js/-/declare.js-0.0.8.tgz",
      "integrity": "sha1-BHit/5VkwAT1Hfc9i8E0AZ0o3N4="
    },
    "extended": {
      "version": "0.0.6",
      "resolved": "https://registry.npmjs.org/extended/-/extended-0.0.6.tgz",
      "integrity": "sha1-f7i/e52uOXWG5IVwrP1kLHjlBmk=",
      "requires": {
        "extender": "~0.0.5"
      }
    },
    "extender": {
      "version": "0.0.10",
      "resolved": "https://registry.npmjs.org/extender/-/extender-0.0.10.tgz",
      "integrity": "sha1-WJwHSCvmGhRgttgfnCSqZ+jzJM0=",
      "requires": {
        "declare.js": "~0.0.4"
      }
    },
    "fast-csv": {
      "version": "2.4.1",
      "resolved": "https://registry.npmjs.org/fast-csv/-/fast-csv-2.4.1.tgz",
      "integrity": "sha1-vX3SaDkfcpNntZRFuN0K0CaIGyY=",
      "requires": {
        "extended": "0.0.6",
        "is-extended": "0.0.10",
        "object-extended": "0.0.7",
        "string-extended": "0.0.8"
      }
    },
    "ical-generator": {
      "version": "0.2.10",
      "resolved": "https://registry.npmjs.org/ical-generator/-/ical-generator-0.2.10.tgz",
      "integrity": "sha1-89kSAUEcY7JphbfFm9XtkYAQhO8="
    },
    "is-extended": {
      "version": "0.0.10",
      "resolved": "https://registry.npmjs.org/is-extended/-/is-extended-0.0.10.tgz",
      "integrity": "sha1-JE4UDfdbscmjEG9BL/GC+1NKbWI=",
      "requires": {
        "extended": "~0.0.3"
      }
    },
    "jquery": {
      "version": "3.3.1",
      "resolved": "https://registry.npmjs.org/jquery/-/jquery-3.3.1.tgz",
      "integrity": "sha512-Ubldcmxp5np52/ENotGxlLe6aGMvmF4R8S6tZjsP6Knsaxd/xp3Zrh50cG93lR6nPXyUFwzN3ZSOQI0wRJNdGg=="
    },
    "lodash": {
      "version": "4.17.10",
      "resolved": "https://registry.npmjs.org/lodash/-/lodash-4.17.10.tgz",
      "integrity": "sha1-G3eTz3JZ6jj7NmHU04syYK+K5Oc="
    },
    "lunar-birthday-calendar": {
      "version": "0.1.11",
      "resolved": "https://registry.npmjs.org/lunar-birthday-calendar/-/lunar-birthday-calendar-0.1.11.tgz",
      "integrity": "sha1-W5DVV8ScI5V2I/FePoykpJ5YUjM=",
      "requires": {
        "argparse": "^1.0.7",
        "ical-generator": "^0.2.7",
        "lodash": "^4.15.0",
        "moment": "^2.14.1"
      }
    },
    "moment": {
      "version": "2.23.0",
      "resolved": "https://registry.npmjs.org/moment/-/moment-2.23.0.tgz",
      "integrity": "sha512-3IE39bHVqFbWWaPOMHZF98Q9c3LDKGTmypMiTM2QygGXXElkFWIH7GxfmlwmY2vwa+wmNsoYZmG2iusf1ZjJoA=="
    },
    "object-extended": {
      "version": "0.0.7",
      "resolved": "https://registry.npmjs.org/object-extended/-/object-extended-0.0.7.tgz",
      "integrity": "sha1-hP0j9WsVWCrrPoiwXLVdJDLWijM=",
      "requires": {
        "array-extended": "~0.0.4",
        "extended": "~0.0.3",
        "is-extended": "~0.0.3"
      }
    },
    "popper.js": {
      "version": "1.14.6",
      "resolved": "https://registry.npmjs.org/popper.js/-/popper.js-1.14.6.tgz",
      "integrity": "sha512-AGwHGQBKumlk/MDfrSOf0JHhJCImdDMcGNoqKmKkU+68GFazv3CQ6q9r7Ja1sKDZmYWTckY/uLyEznheTDycnA=="
    },
    "sprintf-js": {
      "version": "1.0.3",
      "resolved": "https://registry.npmjs.org/sprintf-js/-/sprintf-js-1.0.3.tgz",
      "integrity": "sha1-BOaSb2YolTVPPdAVIDYzuFcpfiw="
    },
    "string-extended": {
      "version": "0.0.8",
      "resolved": "https://registry.npmjs.org/string-extended/-/string-extended-0.0.8.tgz",
      "integrity": "sha1-dBlX3/SHsCcqee7FpE8jnubxfM0=",
      "requires": {
        "array-extended": "~0.0.5",
        "date-extended": "~0.0.3",
        "extended": "~0.0.3",
        "is-extended": "~0.0.3"
      }
    }
  }
}
